// !$*UTF8*$!
{
	archiveVersion = 1;
	classes = {
	};
	objectVersion = 46;
	objects = {

/* Begin PBXBuildFile section */
		467AA5CA1BA6DA0C00FF7423 /* Assets.xcassets in Resources */ = {isa = PBXBuildFile; fileRef = 46B2F9701BA18AE1000C3CF1 /* Assets.xcassets */; settings = {ASSET_TAGS = (); }; };
		467AA5CB1BA6DE7E00FF7423 /* QuartzCore.framework in Frameworks */ = {isa = PBXBuildFile; fileRef = 46B2F97B1BA191E4000C3CF1 /* QuartzCore.framework */; settings = {ASSET_TAGS = (); }; };
		46AEE56D1BA6D6AC00B04431 /* AppDelegate.swift in Sources */ = {isa = PBXBuildFile; fileRef = 46AEE56C1BA6D6AC00B04431 /* AppDelegate.swift */; };
		46AEE56F1BA6D6AC00B04431 /* AnchorPointDemoViewController.swift in Sources */ = {isa = PBXBuildFile; fileRef = 46AEE56E1BA6D6AC00B04431 /* AnchorPointDemoViewController.swift */; };
		46AEE5721BA6D6AC00B04431 /* Main.storyboard in Resources */ = {isa = PBXBuildFile; fileRef = 46AEE5701BA6D6AC00B04431 /* Main.storyboard */; };
		46AEE5771BA6D6AC00B04431 /* LaunchScreen.xib in Resources */ = {isa = PBXBuildFile; fileRef = 46AEE5751BA6D6AC00B04431 /* LaunchScreen.xib */; };
		46AEE5831BA6D6AC00B04431 /* Anchor_PointTests.swift in Sources */ = {isa = PBXBuildFile; fileRef = 46AEE5821BA6D6AC00B04431 /* Anchor_PointTests.swift */; };
		46B2F96A1BA18AE1000C3CF1 /* AppDelegate.swift in Sources */ = {isa = PBXBuildFile; fileRef = 46B2F9691BA18AE1000C3CF1 /* AppDelegate.swift */; };
		46B2F96C1BA18AE1000C3CF1 /* ViewController.swift in Sources */ = {isa = PBXBuildFile; fileRef = 46B2F96B1BA18AE1000C3CF1 /* ViewController.swift */; };
		46B2F96F1BA18AE1000C3CF1 /* Main.storyboard in Resources */ = {isa = PBXBuildFile; fileRef = 46B2F96D1BA18AE1000C3CF1 /* Main.storyboard */; };
		46B2F9711BA18AE1000C3CF1 /* Assets.xcassets in Resources */ = {isa = PBXBuildFile; fileRef = 46B2F9701BA18AE1000C3CF1 /* Assets.xcassets */; };
		46B2F9741BA18AE1000C3CF1 /* LaunchScreen.storyboard in Resources */ = {isa = PBXBuildFile; fileRef = 46B2F9721BA18AE1000C3CF1 /* LaunchScreen.storyboard */; };
		46B2F97C1BA191E4000C3CF1 /* QuartzCore.framework in Frameworks */ = {isa = PBXBuildFile; fileRef = 46B2F97B1BA191E4000C3CF1 /* QuartzCore.framework */; };
/* End PBXBuildFile section */

/* Begin PBXContainerItemProxy section */
		46AEE57D1BA6D6AC00B04431 /* PBXContainerItemProxy */ = {
			isa = PBXContainerItemProxy;
			containerPortal = 46B2F95E1BA18AE1000C3CF1 /* Project object */;
			proxyType = 1;
			remoteGlobalIDString = 46AEE5671BA6D6AC00B04431;
			remoteInfo = "Anchor Point";
		};
/* End PBXContainerItemProxy section */

/* Begin PBXFileReference section */
		46AEE5681BA6D6AC00B04431 /* Anchor Point.app */ = {isa = PBXFileReference; explicitFileType = wrapper.application; includeInIndex = 0; path = "Anchor Point.app"; sourceTree = BUILT_PRODUCTS_DIR; };
		46AEE56B1BA6D6AC00B04431 /* Info.plist */ = {isa = PBXFileReference; lastKnownFileType = text.plist.xml; path = Info.plist; sourceTree = "<group>"; };
		46AEE56C1BA6D6AC00B04431 /* AppDelegate.swift */ = {isa = PBXFileReference; lastKnownFileType = sourcecode.swift; path = AppDelegate.swift; sourceTree = "<group>"; };
		46AEE56E1BA6D6AC00B04431 /* AnchorPointDemoViewController.swift */ = {isa = PBXFileReference; lastKnownFileType = sourcecode.swift; path = AnchorPointDemoViewController.swift; sourceTree = "<group>"; };
		46AEE5711BA6D6AC00B04431 /* Base */ = {isa = PBXFileReference; lastKnownFileType = file.storyboard; name = Base; path = Base.lproj/Main.storyboard; sourceTree = "<group>"; };
		46AEE5761BA6D6AC00B04431 /* Base */ = {isa = PBXFileReference; lastKnownFileType = file.xib; name = Base; path = Base.lproj/LaunchScreen.xib; sourceTree = "<group>"; };
		46AEE57C1BA6D6AC00B04431 /* Anchor PointTests.xctest */ = {isa = PBXFileReference; explicitFileType = wrapper.cfbundle; includeInIndex = 0; path = "Anchor PointTests.xctest"; sourceTree = BUILT_PRODUCTS_DIR; };
		46AEE5811BA6D6AC00B04431 /* Info.plist */ = {isa = PBXFileReference; lastKnownFileType = text.plist.xml; path = Info.plist; sourceTree = "<group>"; };
		46AEE5821BA6D6AC00B04431 /* Anchor_PointTests.swift */ = {isa = PBXFileReference; lastKnownFileType = sourcecode.swift; path = Anchor_PointTests.swift; sourceTree = "<group>"; };
		46B2F9661BA18AE1000C3CF1 /* Core Animation.app */ = {isa = PBXFileReference; explicitFileType = wrapper.application; includeInIndex = 0; path = "Core Animation.app"; sourceTree = BUILT_PRODUCTS_DIR; };
		46B2F9691BA18AE1000C3CF1 /* AppDelegate.swift */ = {isa = PBXFileReference; lastKnownFileType = sourcecode.swift; path = AppDelegate.swift; sourceTree = "<group>"; };
		46B2F96B1BA18AE1000C3CF1 /* ViewController.swift */ = {isa = PBXFileReference; lastKnownFileType = sourcecode.swift; path = ViewController.swift; sourceTree = "<group>"; };
		46B2F96E1BA18AE1000C3CF1 /* Base */ = {isa = PBXFileReference; lastKnownFileType = file.storyboard; name = Base; path = Base.lproj/Main.storyboard; sourceTree = "<group>"; };
		46B2F9701BA18AE1000C3CF1 /* Assets.xcassets */ = {isa = PBXFileReference; lastKnownFileType = folder.assetcatalog; path = Assets.xcassets; sourceTree = "<group>"; };
		46B2F9731BA18AE1000C3CF1 /* Base */ = {isa = PBXFileReference; lastKnownFileType = file.storyboard; name = Base; path = Base.lproj/LaunchScreen.storyboard; sourceTree = "<group>"; };
		46B2F9751BA18AE1000C3CF1 /* Info.plist */ = {isa = PBXFileReference; lastKnownFileType = text.plist.xml; path = Info.plist; sourceTree = "<group>"; };
		46B2F97B1BA191E4000C3CF1 /* QuartzCore.framework */ = {isa = PBXFileReference; lastKnownFileType = wrapper.framework; name = QuartzCore.framework; path = System/Library/Frameworks/QuartzCore.framework; sourceTree = SDKROOT; };
/* End PBXFileReference section */

/* Begin PBXFrameworksBuildPhase section */
		46AEE5651BA6D6AC00B04431 /* Frameworks */ = {
			isa = PBXFrameworksBuildPhase;
			buildActionMask = 2147483647;
			files = (
				467AA5CB1BA6DE7E00FF7423 /* QuartzCore.framework in Frameworks */,
			);
			runOnlyForDeploymentPostprocessing = 0;
		};
		46AEE5791BA6D6AC00B04431 /* Frameworks */ = {
			isa = PBXFrameworksBuildPhase;
			buildActionMask = 2147483647;
			files = (
			);
			runOnlyForDeploymentPostprocessing = 0;
		};
		46B2F9631BA18AE1000C3CF1 /* Frameworks */ = {
			isa = PBXFrameworksBuildPhase;
			buildActionMask = 2147483647;
			files = (
				46B2F97C1BA191E4000C3CF1 /* QuartzCore.framework in Frameworks */,
			);
			runOnlyForDeploymentPostprocessing = 0;
		};
/* End PBXFrameworksBuildPhase section */

/* Begin PBXGroup section */
		46AEE5691BA6D6AC00B04431 /* Anchor Point */ = {
			isa = PBXGroup;
			children = (
				46AEE56C1BA6D6AC00B04431 /* AppDelegate.swift */,
				46AEE56E1BA6D6AC00B04431 /* AnchorPointDemoViewController.swift */,
				46AEE5701BA6D6AC00B04431 /* Main.storyboard */,
				46AEE5751BA6D6AC00B04431 /* LaunchScreen.xib */,
				46AEE56A1BA6D6AC00B04431 /* Supporting Files */,
			);
			path = "Anchor Point";
			sourceTree = "<group>";
		};
		46AEE56A1BA6D6AC00B04431 /* Supporting Files */ = {
			isa = PBXGroup;
			children = (
				46AEE56B1BA6D6AC00B04431 /* Info.plist */,
			);
			name = "Supporting Files";
			sourceTree = "<group>";
		};
		46AEE57F1BA6D6AC00B04431 /* Anchor PointTests */ = {
			isa = PBXGroup;
			children = (
				46AEE5821BA6D6AC00B04431 /* Anchor_PointTests.swift */,
				46AEE5801BA6D6AC00B04431 /* Supporting Files */,
			);
			path = "Anchor PointTests";
			sourceTree = "<group>";
		};
		46AEE5801BA6D6AC00B04431 /* Supporting Files */ = {
			isa = PBXGroup;
			children = (
				46AEE5811BA6D6AC00B04431 /* Info.plist */,
			);
			name = "Supporting Files";
			sourceTree = "<group>";
		};
		46B2F95D1BA18AE1000C3CF1 = {
			isa = PBXGroup;
			children = (
				46B2F97B1BA191E4000C3CF1 /* QuartzCore.framework */,
				46B2F9681BA18AE1000C3CF1 /* Core Animation */,
				46AEE5691BA6D6AC00B04431 /* Anchor Point */,
				46AEE57F1BA6D6AC00B04431 /* Anchor PointTests */,
				46B2F9671BA18AE1000C3CF1 /* Products */,
			);
			sourceTree = "<group>";
		};
		46B2F9671BA18AE1000C3CF1 /* Products */ = {
			isa = PBXGroup;
			children = (
				46B2F9661BA18AE1000C3CF1 /* Core Animation.app */,
				46AEE5681BA6D6AC00B04431 /* Anchor Point.app */,
				46AEE57C1BA6D6AC00B04431 /* Anchor PointTests.xctest */,
			);
			name = Products;
			sourceTree = "<group>";
		};
		46B2F9681BA18AE1000C3CF1 /* Core Animation */ = {
			isa = PBXGroup;
			children = (
				46B2F9691BA18AE1000C3CF1 /* AppDelegate.swift */,
				46B2F96B1BA18AE1000C3CF1 /* ViewController.swift */,
				46B2F96D1BA18AE1000C3CF1 /* Main.storyboard */,
				46B2F9701BA18AE1000C3CF1 /* Assets.xcassets */,
				46B2F9721BA18AE1000C3CF1 /* LaunchScreen.storyboard */,
				46B2F9751BA18AE1000C3CF1 /* Info.plist */,
			);
			path = "Core Animation";
			sourceTree = "<group>";
		};
/* End PBXGroup section */

/* Begin PBXNativeTarget section */
		46AEE5671BA6D6AC00B04431 /* Anchor Point */ = {
			isa = PBXNativeTarget;
			buildConfigurationList = 46AEE5881BA6D6AC00B04431 /* Build configuration list for PBXNativeTarget "Anchor Point" */;
			buildPhases = (
				46AEE5641BA6D6AC00B04431 /* Sources */,
				46AEE5651BA6D6AC00B04431 /* Frameworks */,
				46AEE5661BA6D6AC00B04431 /* Resources */,
			);
			buildRules = (
			);
			dependencies = (
			);
			name = "Anchor Point";
			productName = "Anchor Point";
			productReference = 46AEE5681BA6D6AC00B04431 /* Anchor Point.app */;
			productType = "com.apple.product-type.application";
		};
		46AEE57B1BA6D6AC00B04431 /* Anchor PointTests */ = {
			isa = PBXNativeTarget;
			buildConfigurationList = 46AEE5891BA6D6AC00B04431 /* Build configuration list for PBXNativeTarget "Anchor PointTests" */;
			buildPhases = (
				46AEE5781BA6D6AC00B04431 /* Sources */,
				46AEE5791BA6D6AC00B04431 /* Frameworks */,
				46AEE57A1BA6D6AC00B04431 /* Resources */,
			);
			buildRules = (
			);
			dependencies = (
				46AEE57E1BA6D6AC00B04431 /* PBXTargetDependency */,
			);
			name = "Anchor PointTests";
			productName = "Anchor PointTests";
			productReference = 46AEE57C1BA6D6AC00B04431 /* Anchor PointTests.xctest */;
			productType = "com.apple.product-type.bundle.unit-test";
		};
		46B2F9651BA18AE1000C3CF1 /* Core Animation */ = {
			isa = PBXNativeTarget;
			buildConfigurationList = 46B2F9781BA18AE1000C3CF1 /* Build configuration list for PBXNativeTarget "Core Animation" */;
			buildPhases = (
				46B2F9621BA18AE1000C3CF1 /* Sources */,
				46B2F9631BA18AE1000C3CF1 /* Frameworks */,
				46B2F9641BA18AE1000C3CF1 /* Resources */,
			);
			buildRules = (
			);
			dependencies = (
			);
			name = "Core Animation";
			productName = "Core Animation";
			productReference = 46B2F9661BA18AE1000C3CF1 /* Core Animation.app */;
			productType = "com.apple.product-type.application";
		};
/* End PBXNativeTarget section */

/* Begin PBXProject section */
		46B2F95E1BA18AE1000C3CF1 /* Project object */ = {
			isa = PBXProject;
			attributes = {
				LastSwiftUpdateCheck = 0700;
				LastUpgradeCheck = 0700;
				ORGANIZATIONNAME = vn.haibui;
				TargetAttributes = {
					46AEE5671BA6D6AC00B04431 = {
						CreatedOnToolsVersion = 6.4;
					};
					46AEE57B1BA6D6AC00B04431 = {
						CreatedOnToolsVersion = 6.4;
						TestTargetID = 46AEE5671BA6D6AC00B04431;
					};
					46B2F9651BA18AE1000C3CF1 = {
						CreatedOnToolsVersion = 7.0;
					};
				};
			};
			buildConfigurationList = 46B2F9611BA18AE1000C3CF1 /* Build configuration list for PBXProject "Core Animation" */;
			compatibilityVersion = "Xcode 3.2";
			developmentRegion = English;
			hasScannedForEncodings = 0;
			knownRegions = (
				en,
				Base,
			);
			mainGroup = 46B2F95D1BA18AE1000C3CF1;
			productRefGroup = 46B2F9671BA18AE1000C3CF1 /* Products */;
			projectDirPath = "";
			projectRoot = "";
			targets = (
				46B2F9651BA18AE1000C3CF1 /* Core Animation */,
				46AEE5671BA6D6AC00B04431 /* Anchor Point */,
				46AEE57B1BA6D6AC00B04431 /* Anchor PointTests */,
			);
		};
/* End PBXProject section */

/* Begin PBXResourcesBuildPhase section */
		46AEE5661BA6D6AC00B04431 /* Resources */ = {
			isa = PBXResourcesBuildPhase;
			buildActionMask = 2147483647;
			files = (
				46AEE5721BA6D6AC00B04431 /* Main.storyboard in Resources */,
				46AEE5771BA6D6AC00B04431 /* LaunchScreen.xib in Resources */,
				467AA5CA1BA6DA0C00FF7423 /* Assets.xcassets in Resources */,
			);
			runOnlyForDeploymentPostprocessing = 0;
		};
		46AEE57A1BA6D6AC00B04431 /* Resources */ = {
			isa = PBXResourcesBuildPhase;
			buildActionMask = 2147483647;
			files = (
			);
			runOnlyForDeploymentPostprocessing = 0;
		};
		46B2F9641BA18AE1000C3CF1 /* Resources */ = {
			isa = PBXResourcesBuildPhase;
			buildActionMask = 2147483647;
			files = (
				46B2F9741BA18AE1000C3CF1 /* LaunchScreen.storyboard in Resources */,
				46B2F9711BA18AE1000C3CF1 /* Assets.xcassets in Resources */,
				46B2F96F1BA18AE1000C3CF1 /* Main.storyboard in Resources */,
			);
			runOnlyForDeploymentPostprocessing = 0;
		};
/* End PBXResourcesBuildPhase section */

/* Begin PBXSourcesBuildPhase section */
		46AEE5641BA6D6AC00B04431 /* Sources */ = {
			isa = PBXSourcesBuildPhase;
			buildActionMask = 2147483647;
			files = (
				46AEE56F1BA6D6AC00B04431 /* AnchorPointDemoViewController.swift in Sources */,
				46AEE56D1BA6D6AC00B04431 /* AppDelegate.swift in Sources */,
			);
			runOnlyForDeploymentPostprocessing = 0;
		};
		46AEE5781BA6D6AC00B04431 /* Sources */ = {
			isa = PBXSourcesBuildPhase;
			buildActionMask = 2147483647;
			files = (
				46AEE5831BA6D6AC00B04431 /* Anchor_PointTests.swift in Sources */,
			);
			runOnlyForDeploymentPostprocessing = 0;
		};
		46B2F9621BA18AE1000C3CF1 /* Sources */ = {
			isa = PBXSourcesBuildPhase;
			buildActionMask = 2147483647;
			files = (
				46B2F96C1BA18AE1000C3CF1 /* ViewController.swift in Sources */,
				46B2F96A1BA18AE1000C3CF1 /* AppDelegate.swift in Sources */,
			);
			runOnlyForDeploymentPostprocessing = 0;
		};
/* End PBXSourcesBuildPhase section */

/* Begin PBXTargetDependency section */
		46AEE57E1BA6D6AC00B04431 /* PBXTargetDependency */ = {
			isa = PBXTargetDependency;
			target = 46AEE5671BA6D6AC00B04431 /* Anchor Point */;
			targetProxy = 46AEE57D1BA6D6AC00B04431 /* PBXContainerItemProxy */;
		};
/* End PBXTargetDependency section */

/* Begin PBXVariantGroup section */
		46AEE5701BA6D6AC00B04431 /* Main.storyboard */ = {
			isa = PBXVariantGroup;
			children = (
				46AEE5711BA6D6AC00B04431 /* Base */,
			);
			name = Main.storyboard;
			sourceTree = "<group>";
		};
		46AEE5751BA6D6AC00B04431 /* LaunchScreen.xib */ = {
			isa = PBXVariantGroup;
			children = (
				46AEE5761BA6D6AC00B04431 /* Base */,
			);
			name = LaunchScreen.xib;
			sourceTree = "<group>";
		};
		46B2F96D1BA18AE1000C3CF1 /* Main.storyboard */ = {
			isa = PBXVariantGroup;
			children = (
				46B2F96E1BA18AE1000C3CF1 /* Base */,
			);
			name = Main.storyboard;
			sourceTree = "<group>";
		};
		46B2F9721BA18AE1000C3CF1 /* LaunchScreen.storyboard */ = {
			isa = PBXVariantGroup;
			children = (
				46B2F9731BA18AE1000C3CF1 /* Base */,
			);
			name = LaunchScreen.storyboard;
			sourceTree = "<group>";
		};
/* End PBXVariantGroup section */

/* Begin XCBuildConfiguration section */
		46AEE5841BA6D6AC00B04431 /* Debug */ = {
			isa = XCBuildConfiguration;
			buildSettings = {
				ASSETCATALOG_COMPILER_APPICON_NAME = AppIcon;
				DEBUG_INFORMATION_FORMAT = "dwarf-with-dsym";
				GCC_PREPROCESSOR_DEFINITIONS = (
					"DEBUG=1",
					"$(inherited)",
				);
				GCC_SYMBOLS_PRIVATE_EXTERN = NO;
				INFOPLIST_FILE = "Anchor Point/Info.plist";
				IPHONEOS_DEPLOYMENT_TARGET = 8.0;
				LD_RUNPATH_SEARCH_PATHS = "$(inherited) @executable_path/Frameworks";
				PRODUCT_NAME = "$(TARGET_NAME)";
			};
			name = Debug;
		};
		46AEE5851BA6D6AC00B04431 /* Release */ = {
			isa = XCBuildConfiguration;
			buildSettings = {
				ASSETCATALOG_COMPILER_APPICON_NAME = AppIcon;
				INFOPLIST_FILE = "Anchor Point/Info.plist";
				IPHONEOS_DEPLOYMENT_TARGET = 8.0;
				LD_RUNPATH_SEARCH_PATHS = "$(inherited) @executable_path/Frameworks";
				PRODUCT_NAME = "$(TARGET_NAME)";
			};
			name = Release;
		};
		46AEE5861BA6D6AC00B04431 /* Debug */ = {
			isa = XCBuildConfiguration;
			buildSettings = {
				BUNDLE_LOADER = "$(TEST_HOST)";
				DEBUG_INFORMATION_FORMAT = "dwarf-with-dsym";
				FRAMEWORK_SEARCH_PATHS = (
					"$(SDKROOT)/Developer/Library/Frameworks",
					"$(inherited)",
				);
				GCC_PREPROCESSOR_DEFINITIONS = (
					"DEBUG=1",
					"$(inherited)",
				);
				GCC_SYMBOLS_PRIVATE_EXTERN = NO;
				INFOPLIST_FILE = "Anchor PointTests/Info.plist";
				IPHONEOS_DEPLOYMENT_TARGET = 8.4;
				LD_RUNPATH_SEARCH_PATHS = "$(inherited) @executable_path/Frameworks @loader_path/Frameworks";
				PRODUCT_NAME = "$(TARGET_NAME)";
				TEST_HOST = "$(BUILT_PRODUCTS_DIR)/Anchor Point.app/Anchor Point";
			};
			name = Debug;
		};
		46AEE5871BA6D6AC00B04431 /* Release */ = {
			isa = XCBuildConfiguration;
			buildSettings = {
				BUNDLE_LOADER = "$(TEST_HOST)";
				FRAMEWORK_SEARCH_PATHS = (
					"$(SDKROOT)/Developer/Library/Frameworks",
					"$(inherited)",
				);
				INFOPLIST_FILE = "Anchor PointTests/Info.plist";
				IPHONEOS_DEPLOYMENT_TARGET = 8.4;
				LD_RUNPATH_SEARCH_PATHS = "$(inherited) @executable_path/Frameworks @loader_path/Frameworks";
				PRODUCT_NAME = "$(TARGET_NAME)";
				TEST_HOST = "$(BUILT_PRODUCTS_DIR)/Anchor Point.app/Anchor Point";
			};
			name = Release;
		};
		46B2F9761BA18AE1000C3CF1 /* Debug */ = {
			isa = XCBuildConfiguration;
			buildSettings = {
				ALWAYS_SEARCH_USER_PATHS = NO;
				CLANG_CXX_LANGUAGE_STANDARD = "gnu++0x";
				CLANG_CXX_LIBRARY = "libc++";
				CLANG_ENABLE_MODULES = YES;
				CLANG_ENABLE_OBJC_ARC = YES;
				CLANG_WARN_BOOL_CONVERSION = YES;
				CLANG_WARN_CONSTANT_CONVERSION = YES;
				CLANG_WARN_DIRECT_OBJC_ISA_USAGE = YES_ERROR;
				CLANG_WARN_EMPTY_BODY = YES;
				CLANG_WARN_ENUM_CONVERSION = YES;
				CLANG_WARN_INT_CONVERSION = YES;
				CLANG_WARN_OBJC_ROOT_CLASS = YES_ERROR;
				CLANG_WARN_UNREACHABLE_CODE = YES;
				CLANG_WARN__DUPLICATE_METHOD_MATCH = YES;
				"CODE_SIGN_IDENTITY[sdk=iphoneos*]" = "iPhone Developer";
				COPY_PHASE_STRIP = NO;
				DEBUG_INFORMATION_FORMAT = dwarf;
				ENABLE_STRICT_OBJC_MSGSEND = YES;
				ENABLE_TESTABILITY = YES;
				GCC_C_LANGUAGE_STANDARD = gnu99;
				GCC_DYNAMIC_NO_PIC = NO;
				GCC_NO_COMMON_BLOCKS = YES;
				GCC_OPTIMIZATION_LEVEL = 0;
				GCC_PREPROCESSOR_DEFINITIONS = (
					"DEBUG=1",
					"$(inherited)",
				);
				GCC_WARN_64_TO_32_BIT_CONVERSION = YES;
				GCC_WARN_ABOUT_RETURN_TYPE = YES_ERROR;
				GCC_WARN_UNDECLARED_SELECTOR = YES;
				GCC_WARN_UNINITIALIZED_AUTOS = YES_AGGRESSIVE;
				GCC_WARN_UNUSED_FUNCTION = YES;
				GCC_WARN_UNUSED_VARIABLE = YES;
				IPHONEOS_DEPLOYMENT_TARGET = 8.0;
				MTL_ENABLE_DEBUG_INFO = YES;
				ONLY_ACTIVE_ARCH = YES;
				SDKROOT = iphoneos;
				SWIFT_OPTIMIZATION_LEVEL = "-Onone";
				TARGETED_DEVICE_FAMILY = "1,2";
			};
			name = Debug;
		};
		46B2F9771BA18AE1000C3CF1 /* Release */ = {
			isa = XCBuildConfiguration;
			buildSettings = {
				ALWAYS_SEARCH_USER_PATHS = NO;
				CLANG_CXX_LANGUAGE_STANDARD = "gnu++0x";
				CLANG_CXX_LIBRARY = "libc++";
				CLANG_ENABLE_MODULES = YES;
				CLANG_ENABLE_OBJC_ARC = YES;
				CLANG_WARN_BOOL_CONVERSION = YES;
				CLANG_WARN_CONSTANT_CONVERSION = YES;
				CLANG_WARN_DIRECT_OBJC_ISA_USAGE = YES_ERROR;
				CLANG_WARN_EMPTY_BODY = YES;
				CLANG_WARN_ENUM_CONVERSION = YES;
				CLANG_WARN_INT_CONVERSION = YES;
				CLANG_WARN_OBJC_ROOT_CLASS = YES_ERROR;
				CLANG_WARN_UNREACHABLE_CODE = YES;
				CLANG_WARN__DUPLICATE_METHOD_MATCH = YES;
				"CODE_SIGN_IDENTITY[sdk=iphoneos*]" = "iPhone Developer";
				COPY_PHASE_STRIP = NO;
				DEBUG_INFORMATION_FORMAT = "dwarf-with-dsym";
				ENABLE_NS_ASSERTIONS = NO;
				ENABLE_STRICT_OBJC_MSGSEND = YES;
				GCC_C_LANGUAGE_STANDARD = gnu99;
				GCC_NO_COMMON_BLOCKS = YES;
				GCC_WARN_64_TO_32_BIT_CONVERSION = YES;
				GCC_WARN_ABOUT_RETURN_TYPE = YES_ERROR;
				GCC_WARN_UNDECLARED_SELECTOR = YES;
				GCC_WARN_UNINITIALIZED_AUTOS = YES_AGGRESSIVE;
				GCC_WARN_UNUSED_FUNCTION = YES;
				GCC_WARN_UNUSED_VARIABLE = YES;
				IPHONEOS_DEPLOYMENT_TARGET = 8.0;
				MTL_ENABLE_DEBUG_INFO = NO;
				SDKROOT = iphoneos;
				TARGETED_DEVICE_FAMILY = "1,2";
				VALIDATE_PRODUCT = YES;
			};
			name = Release;
		};
		46B2F9791BA18AE1000C3CF1 /* Debug */ = {
			isa = XCBuildConfiguration;
			buildSettings = {
				ASSETCATALOG_COMPILER_APPICON_NAME = AppIcon;
				INFOPLIST_FILE = "Core Animation/Info.plist";
				IPHONEOS_DEPLOYMENT_TARGET = 8.0;
				LD_RUNPATH_SEARCH_PATHS = "$(inherited) @executable_path/Frameworks";
				PRODUCT_BUNDLE_IDENTIFIER = "vn.haibui.Core-Animation";
				PRODUCT_NAME = "$(TARGET_NAME)";
			};
			name = Debug;
		};
		46B2F97A1BA18AE1000C3CF1 /* Release */ = {
			isa = XCBuildConfiguration;
			buildSettings = {
				ASSETCATALOG_COMPILER_APPICON_NAME = AppIcon;
				INFOPLIST_FILE = "Core Animation/Info.plist";
				IPHONEOS_DEPLOYMENT_TARGET = 8.0;
				LD_RUNPATH_SEARCH_PATHS = "$(inherited) @executable_path/Frameworks";
				PRODUCT_BUNDLE_IDENTIFIER = "vn.haibui.Core-Animation";
				PRODUCT_NAME = "$(TARGET_NAME)";
			};
			name = Release;
		};
/* End XCBuildConfiguration section */

/* Begin XCConfigurationList section */
		46AEE5881BA6D6AC00B04431 /* Build configuration list for PBXNativeTarget "Anchor Point" */ = {
			isa = XCConfigurationList;
			buildConfigurations = (
				46AEE5841BA6D6AC00B04431 /* Debug */,
				46AEE5851BA6D6AC00B04431 /* Release */,
			);
			defaultConfigurationIsVisible = 0;
			defaultConfigurationName = Release;
		};
		46AEE5891BA6D6AC00B04431 /* Build configuration list for PBXNativeTarget "Anchor PointTests" */ = {
			isa = XCConfigurationList;
			buildConfigurations = (
				46AEE5861BA6D6AC00B04431 /* Debug */,
				46AEE5871BA6D6AC00B04431 /* Release */,
			);
			defaultConfigurationIsVisible = 0;
			defaultConfigurationName = Release;
		};
		46B2F9611BA18AE1000C3CF1 /* Build configuration list for PBXProject "Core Animation" */ = {
			isa = XCConfigurationList;
			buildConfigurations = (
				46B2F9761BA18AE1000C3CF1 /* Debug */,
				46B2F9771BA18AE1000C3CF1 /* Release */,
			);
			defaultConfigurationIsVisible = 0;
			defaultConfigurationName = Release;
		};
		46B2F9781BA18AE1000C3CF1 /* Build configuration list for PBXNativeTarget "Core Animation" */ = {
			isa = XCConfigurationList;
			buildConfigurations = (
				46B2F9791BA18AE1000C3CF1 /* Debug */,
				46B2F97A1BA18AE1000C3CF1 /* Release */,
			);
			defaultConfigurationIsVisible = 0;
			defaultConfigurationName = Release;
		};
/* End XCConfigurationList section */
	};
	rootObject = 46B2F95E1BA18AE1000C3CF1 /* Project object */;
}
